
Microsoft Visual Studio Solution File, Format Version 12.00
# Visual Studio Version 17
VisualStudioVersion = 17.1.32210.238
MinimumVisualStudioVersion = 10.0.40219.1
Project("{FAE04EC0-301F-11D3-BF4B-00C04F79EFBC}") = "CircularQueues", "CircularQueues\CircularQueues.csproj", "{A4591E89-1EFB-4362-95D0-302AF1D7730B}"
EndProject
Global
	GlobalSection(SolutionConfigurationPlatforms) = preSolution
		Debug|Any CPU = Debug|Any CPU
		Release|Any CPU = Release|Any CPU
	EndGlobalSection
	GlobalSection(ProjectConfigurationPlatforms) = postSolution
		{A4591E89-1EFB-4362-95D0-302AF1D7730B}.Debug|Any CPU.ActiveCfg = Debug|Any CPU
		{A4591E89-1EFB-4362-95D0-302AF1D7730B}.Debug|Any CPU.Build.0 = Debug|Any CPU
		{A4591E89-1EFB-4362-95D0-302AF1D7730B}.Release|Any CPU.ActiveCfg = Release|Any CPU
		{A4591E89-1EFB-4362-95D0-302AF1D7730B}.Release|Any CPU.Build.0 = Release|Any CPU
	EndGlobalSection
	GlobalSection(SolutionProperties) = preSolution
		HideSolutionNode = FALSE
	EndGlobalSection
	GlobalSection(ExtensibilityGlobals) = postSolution
		SolutionGuid = {38C1FA09-386F-413E-9D1A-4FAE0AAB6359}
	EndGlobalSection
EndGlobal
